Microsoft Visual Studio Solution File, Format Version 12.00
# Visual Studio Version 17
VisualStudioVersion = 17.5.2.0
MinimumVisualStudioVersion = 10.0.40219.1
Project("{FAE04EC0-301F-11D3-BF4B-00C04F79EFBC}") = "JunoBE", "JunoBE.csproj", "{7E354332-4BF6-B0A5-EA0E-7C94DC4991ED}"
EndProject
Global
	GlobalSection(SolutionConfigurationPlatforms) = preSolution
		Debug|Any CPU = Debug|Any CPU
		Release|Any CPU = Release|Any CPU
	EndGlobalSection
	GlobalSection(ProjectConfigurationPlatforms) = postSolution
		{7E354332-4BF6-B0A5-EA0E-7C94DC4991ED}.Debug|Any CPU.ActiveCfg = Debug|Any CPU
		{7E354332-4BF6-B0A5-EA0E-7C94DC4991ED}.Debug|Any CPU.Build.0 = Debug|Any CPU
		{7E354332-4BF6-B0A5-EA0E-7C94DC4991ED}.Release|Any CPU.ActiveCfg = Release|Any CPU
		{7E354332-4BF6-B0A5-EA0E-7C94DC4991ED}.Release|Any CPU.Build.0 = Release|Any CPU
	EndGlobalSection
	GlobalSection(SolutionProperties) = preSolution
		HideSolutionNode = FALSE
	EndGlobalSection
	GlobalSection(ExtensibilityGlobals) = postSolution
		SolutionGuid = {4FFB7AE5-9C2D-4858-99A1-253F3D70E120}
	EndGlobalSection
EndGlobal
